
Microsoft Visual Studio Solution File, Format Version 12.00
# Visual Studio 15
VisualStudioVersion = 15.0.28307.1145
MinimumVisualStudioVersion = 10.0.40219.1
Project("{FAE04EC0-301F-11D3-BF4B-00C04F79EFBC}") = "TestProject", "TestProject\TestProject.csproj", "{CAB39722-379C-4490-906D-82FE5B5BDAB1}"
EndProject
Global
	GlobalSection(SolutionConfigurationPlatforms) = preSolution
		Debug|Any CPU = Debug|Any CPU
		Release|Any CPU = Release|Any CPU
	EndGlobalSection
	GlobalSection(ProjectConfigurationPlatforms) = postSolution
		{CAB39722-379C-4490-906D-82FE5B5BDAB1}.Debug|Any CPU.ActiveCfg = Debug|Any CPU
		{CAB39722-379C-4490-906D-82FE5B5BDAB1}.Debug|Any CPU.Build.0 = Debug|Any CPU
		{CAB39722-379C-4490-906D-82FE5B5BDAB1}.Release|Any CPU.ActiveCfg = Release|Any CPU
		{CAB39722-379C-4490-906D-82FE5B5BDAB1}.Release|Any CPU.Build.0 = Release|Any CPU
	EndGlobalSection
	GlobalSection(SolutionProperties) = preSolution
		HideSolutionNode = FALSE
	EndGlobalSection
	GlobalSection(ExtensibilityGlobals) = postSolution
		SolutionGuid = {77FDE14F-AD23-4654-903B-F91E99F63BAE}
	EndGlobalSection
EndGlobal
